{
  "name": "ruby_naitei22-sjp_e-learning-system",
  "lockfileVersion": 3,
  "requires": true,
  "packages": {
    "": {
      "dependencies": {
        "@rails/request.js": "^0.0.12"
      }
    },
    "node_modules/@rails/request.js": {
      "version": "0.0.12",
      "resolved": "https://registry.npmjs.org/@rails/request.js/-/request.js-0.0.12.tgz",
      "integrity": "sha512-g3//JBja1s04Zflj7IoMLQuXza9i4ZvtLmm0r0dMwh1QQUs6rL2iKUOGGyERfLsd81SnXC5ucfVV//rtsDlEEA=="
    }
  }
}
